
Microsoft Visual Studio Solution File, Format Version 12.00
Project("{FAE04EC0-301F-11D3-BF4B-00C04F79EFBC}") = "Puzzle.ConsoleApp", "Puzzle.ConsoleApp\Puzzle.ConsoleApp.csproj", "{A1D8AC22-1F40-4C73-A312-2333A707B067}"
EndProject
Project("{FAE04EC0-301F-11D3-BF4B-00C04F79EFBC}") = "Puzzle.Core", "Puzzle.Core\Puzzle.Core.csproj", "{D6F4ED86-7554-475D-B411-402B2B34C96E}"
EndProject
Global
	GlobalSection(SolutionConfigurationPlatforms) = preSolution
		Debug|Any CPU = Debug|Any CPU
		Release|Any CPU = Release|Any CPU
	EndGlobalSection
	GlobalSection(ProjectConfigurationPlatforms) = postSolution
		{A1D8AC22-1F40-4C73-A312-2333A707B067}.Debug|Any CPU.ActiveCfg = Debug|Any CPU
		{A1D8AC22-1F40-4C73-A312-2333A707B067}.Debug|Any CPU.Build.0 = Debug|Any CPU
		{A1D8AC22-1F40-4C73-A312-2333A707B067}.Release|Any CPU.ActiveCfg = Release|Any CPU
		{A1D8AC22-1F40-4C73-A312-2333A707B067}.Release|Any CPU.Build.0 = Release|Any CPU
		{D6F4ED86-7554-475D-B411-402B2B34C96E}.Debug|Any CPU.ActiveCfg = Debug|Any CPU
		{D6F4ED86-7554-475D-B411-402B2B34C96E}.Debug|Any CPU.Build.0 = Debug|Any CPU
		{D6F4ED86-7554-475D-B411-402B2B34C96E}.Release|Any CPU.ActiveCfg = Release|Any CPU
		{D6F4ED86-7554-475D-B411-402B2B34C96E}.Release|Any CPU.Build.0 = Release|Any CPU
	EndGlobalSection
EndGlobal
